
Microsoft Visual Studio Solution File, Format Version 12.00
# Visual Studio 15
VisualStudioVersion = 15.0.28010.2036
MinimumVisualStudioVersion = 10.0.40219.1
Project("{FAE04EC0-301F-11D3-BF4B-00C04F79EFBC}") = "CSharp3FeaturesConApp", "CSharp3FeaturesConApp\CSharp3FeaturesConApp.csproj", "{DEABEDD4-8590-4895-B85F-B43C82D734C8}"
EndProject
Project("{FAE04EC0-301F-11D3-BF4B-00C04F79EFBC}") = "LINQToSQLConApp", "LINQToSQLConApp\LINQToSQLConApp.csproj", "{B2F23D8B-B59F-4B1B-96C1-600FA58EFCBA}"
EndProject
Project("{FAE04EC0-301F-11D3-BF4B-00C04F79EFBC}") = "LinqToSqlORConApp", "LinqToSqlORConApp\LinqToSqlORConApp.csproj", "{21380F52-1C04-4CB2-925B-C752EE6CD923}"
EndProject
Global
	GlobalSection(SolutionConfigurationPlatforms) = preSolution
		Debug|Any CPU = Debug|Any CPU
		Release|Any CPU = Release|Any CPU
	EndGlobalSection
	GlobalSection(ProjectConfigurationPlatforms) = postSolution
		{DEABEDD4-8590-4895-B85F-B43C82D734C8}.Debug|Any CPU.ActiveCfg = Debug|Any CPU
		{DEABEDD4-8590-4895-B85F-B43C82D734C8}.Debug|Any CPU.Build.0 = Debug|Any CPU
		{DEABEDD4-8590-4895-B85F-B43C82D734C8}.Release|Any CPU.ActiveCfg = Release|Any CPU
		{DEABEDD4-8590-4895-B85F-B43C82D734C8}.Release|Any CPU.Build.0 = Release|Any CPU
		{B2F23D8B-B59F-4B1B-96C1-600FA58EFCBA}.Debug|Any CPU.ActiveCfg = Debug|Any CPU
		{B2F23D8B-B59F-4B1B-96C1-600FA58EFCBA}.Debug|Any CPU.Build.0 = Debug|Any CPU
		{B2F23D8B-B59F-4B1B-96C1-600FA58EFCBA}.Release|Any CPU.ActiveCfg = Release|Any CPU
		{B2F23D8B-B59F-4B1B-96C1-600FA58EFCBA}.Release|Any CPU.Build.0 = Release|Any CPU
		{21380F52-1C04-4CB2-925B-C752EE6CD923}.Debug|Any CPU.ActiveCfg = Debug|Any CPU
		{21380F52-1C04-4CB2-925B-C752EE6CD923}.Debug|Any CPU.Build.0 = Debug|Any CPU
		{21380F52-1C04-4CB2-925B-C752EE6CD923}.Release|Any CPU.ActiveCfg = Release|Any CPU
		{21380F52-1C04-4CB2-925B-C752EE6CD923}.Release|Any CPU.Build.0 = Release|Any CPU
	EndGlobalSection
	GlobalSection(SolutionProperties) = preSolution
		HideSolutionNode = FALSE
	EndGlobalSection
	GlobalSection(ExtensibilityGlobals) = postSolution
		SolutionGuid = {B1CF658E-5FFC-4FD2-8B95-0A7109105A22}
	EndGlobalSection
EndGlobal
